
Microsoft Visual Studio Solution File, Format Version 12.00
# Visual Studio Version 16
VisualStudioVersion = 16.0.29806.167
MinimumVisualStudioVersion = 10.0.40219.1
Project("{FAE04EC0-301F-11D3-BF4B-00C04F79EFBC}") = "2020.04.27(公司)", "2020.04.27(公司)\2020.04.27(公司).csproj", "{4CDB1077-7E0E-4CBC-9A37-3216B1006CC8}"
EndProject
Global
	GlobalSection(SolutionConfigurationPlatforms) = preSolution
		Debug|Any CPU = Debug|Any CPU
		Release|Any CPU = Release|Any CPU
	EndGlobalSection
	GlobalSection(ProjectConfigurationPlatforms) = postSolution
		{4CDB1077-7E0E-4CBC-9A37-3216B1006CC8}.Debug|Any CPU.ActiveCfg = Debug|Any CPU
		{4CDB1077-7E0E-4CBC-9A37-3216B1006CC8}.Debug|Any CPU.Build.0 = Debug|Any CPU
		{4CDB1077-7E0E-4CBC-9A37-3216B1006CC8}.Release|Any CPU.ActiveCfg = Release|Any CPU
		{4CDB1077-7E0E-4CBC-9A37-3216B1006CC8}.Release|Any CPU.Build.0 = Release|Any CPU
	EndGlobalSection
	GlobalSection(SolutionProperties) = preSolution
		HideSolutionNode = FALSE
	EndGlobalSection
	GlobalSection(ExtensibilityGlobals) = postSolution
		SolutionGuid = {CBF34318-401B-4A23-A10A-3770D648C1A8}
	EndGlobalSection
EndGlobal
